FORGE
  remote: http://forge.puppetlabs.com
  specs:
    puppetlabs/concat (1.1.0)
      puppetlabs/stdlib (>= 4.0.0)
    puppetlabs/stdlib (4.2.2)

GIT
  remote: git@github.com:puppetlabs/puppetlabs-apache.git
  ref: master
  sha: 4e59789bb78d0d1c338d8bcd5c321592c38d2650
  specs:
    puppetlabs/apache (1.0.1)
      puppetlabs/concat (>= 1.0.0)
      puppetlabs/stdlib (>= 2.4.0)

DEPENDENCIES
  puppetlabs/apache (>= 0)

